{
  "name": "Deep-Research-Agent",
  "lockfileVersion": 3,
  "requires": true,
  "packages": {
    "": {
      "dependencies": {
        "postprocessing": "^6.38.3",
        "three": "^0.183.1"
      },
      "devDependencies": {
        "baseline-browser-mapping": "^2.10.0"
      }
    },
    "node_modules/baseline-browser-mapping": {
      "version": "2.10.0",
      "resolved": "https://registry.npmjs.org/baseline-browser-mapping/-/baseline-browser-mapping-2.10.0.tgz",
      "integrity": "sha512-lIyg0szRfYbiy67j9KN8IyeD7q7hcmqnJ1ddWmNt19ItGpNN64mnllmxUNFIOdOm6by97jlL6wfpTTJrmnjWAA==",
      "dev": true,
      "license": "Apache-2.0",
      "bin": {
        "baseline-browser-mapping": "dist/cli.cjs"
      },
      "engines": {
        "node": ">=6.0.0"
      }
    },
    "node_modules/postprocessing": {
      "version": "6.38.3",
      "resolved": "https://registry.npmjs.org/postprocessing/-/postprocessing-6.38.3.tgz",
      "integrity": "sha512-5qCFp8j62nWL6sSVv/RKuHscQUIV+VMMgWeHLYZQEBpAk7G+r3jA3bSKON7gZjiuxdZ/F4PXj2Jc1oPh/7Eg+g==",
      "license": "Zlib",
      "peerDependencies": {
        "three": ">= 0.157.0 < 0.184.0"
      }
    },
    "node_modules/three": {
      "version": "0.183.1",
      "resolved": "https://registry.npmjs.org/three/-/three-0.183.1.tgz",
      "integrity": "sha512-Psv6bbd3d/M/01MT2zZ+VmD0Vj2dbWTNhfe4CuSg7w5TuW96M3NOyCVuh9SZQ05CpGmD7NEcJhZw4GVjhCYxfQ==",
      "license": "MIT"
    }
  }
}
